
Microsoft Visual Studio Solution File, Format Version 12.00
# Visual Studio Version 17
VisualStudioVersion = 17.4.33205.214
MinimumVisualStudioVersion = 10.0.40219.1
Project("{FAE04EC0-301F-11D3-BF4B-00C04F79EFBC}") = "Quiz Management", "Quiz Management\Quiz Management.csproj", "{CA32561B-2A54-406D-BB30-18B16113951A}"
EndProject
Global
	GlobalSection(SolutionConfigurationPlatforms) = preSolution
		Debug|Any CPU = Debug|Any CPU
		Release|Any CPU = Release|Any CPU
	EndGlobalSection
	GlobalSection(ProjectConfigurationPlatforms) = postSolution
		{CA32561B-2A54-406D-BB30-18B16113951A}.Debug|Any CPU.ActiveCfg = Debug|Any CPU
		{CA32561B-2A54-406D-BB30-18B16113951A}.Debug|Any CPU.Build.0 = Debug|Any CPU
		{CA32561B-2A54-406D-BB30-18B16113951A}.Release|Any CPU.ActiveCfg = Release|Any CPU
		{CA32561B-2A54-406D-BB30-18B16113951A}.Release|Any CPU.Build.0 = Release|Any CPU
	EndGlobalSection
	GlobalSection(SolutionProperties) = preSolution
		HideSolutionNode = FALSE
	EndGlobalSection
	GlobalSection(ExtensibilityGlobals) = postSolution
		SolutionGuid = {AE7339CA-6ECC-4BDC-BC7D-A608A37587F9}
	EndGlobalSection
EndGlobal
